
Microsoft Visual Studio Solution File, Format Version 12.00
# Visual Studio Version 17
VisualStudioVersion = 17.9.34622.214
MinimumVisualStudioVersion = 10.0.40219.1
Project("{FAE04EC0-301F-11D3-BF4B-00C04F79EFBC}") = "ConsoleApp1", "ConsoleApp1.csproj", "{6EBF8EFB-2851-4E1F-87CC-72405A0D5047}"
EndProject
Global
	GlobalSection(SolutionConfigurationPlatforms) = preSolution
		Debug|Any CPU = Debug|Any CPU
		Release|Any CPU = Release|Any CPU
	EndGlobalSection
	GlobalSection(ProjectConfigurationPlatforms) = postSolution
		{6EBF8EFB-2851-4E1F-87CC-72405A0D5047}.Debug|Any CPU.ActiveCfg = Debug|Any CPU
		{6EBF8EFB-2851-4E1F-87CC-72405A0D5047}.Debug|Any CPU.Build.0 = Debug|Any CPU
		{6EBF8EFB-2851-4E1F-87CC-72405A0D5047}.Release|Any CPU.ActiveCfg = Release|Any CPU
		{6EBF8EFB-2851-4E1F-87CC-72405A0D5047}.Release|Any CPU.Build.0 = Release|Any CPU
	EndGlobalSection
	GlobalSection(SolutionProperties) = preSolution
		HideSolutionNode = FALSE
	EndGlobalSection
	GlobalSection(ExtensibilityGlobals) = postSolution
		SolutionGuid = {B897AD96-84C3-4CBB-B778-2F89A31C8237}
	EndGlobalSection
EndGlobal
